
Microsoft Visual Studio Solution File, Format Version 12.00
# Visual Studio Version 16
VisualStudioVersion = 16.0.32002.261
MinimumVisualStudioVersion = 10.0.40219.1
Project("{FAE04EC0-301F-11D3-BF4B-00C04F79EFBC}") = "Proiect Tamas Renato Andrei", "Proiect Tamas Renato Andrei.csproj", "{7FB2465F-3C19-48DF-8FCE-9403C6DDFE8F}"
EndProject
Global
	GlobalSection(SolutionConfigurationPlatforms) = preSolution
		Debug|Any CPU = Debug|Any CPU
		Release|Any CPU = Release|Any CPU
	EndGlobalSection
	GlobalSection(ProjectConfigurationPlatforms) = postSolution
		{7FB2465F-3C19-48DF-8FCE-9403C6DDFE8F}.Debug|Any CPU.ActiveCfg = Debug|Any CPU
		{7FB2465F-3C19-48DF-8FCE-9403C6DDFE8F}.Debug|Any CPU.Build.0 = Debug|Any CPU
		{7FB2465F-3C19-48DF-8FCE-9403C6DDFE8F}.Release|Any CPU.ActiveCfg = Release|Any CPU
		{7FB2465F-3C19-48DF-8FCE-9403C6DDFE8F}.Release|Any CPU.Build.0 = Release|Any CPU
	EndGlobalSection
	GlobalSection(SolutionProperties) = preSolution
		HideSolutionNode = FALSE
	EndGlobalSection
	GlobalSection(ExtensibilityGlobals) = postSolution
		SolutionGuid = {5C3CC655-AF93-4446-B7D3-1A160DD406AD}
	EndGlobalSection
EndGlobal
